# This file is autogenerated, do not edit; changes may be undone by the next 'dep ensure'.


[[projects]]
  branch = "master"
  digest = "1:d64110a78451e373c5a952d2625323dbbe3bfe41c67f9652ea9668a6ceb4f645"
  name = "github.com/armon/go-metrics"
  packages = ["."]
  pruneopts = ""
  revision = "3c58d8115a78a6879e5df75ae900846768d36895"

[[projects]]
  branch = "master"
  digest = "1:c0b6dbbb56a745020d5939bdde2197241a1c6109f226cca57b16f46916be5e94"
  name = "github.com/aws/aws-sdk-go"
  packages = [
    "aws",
    "aws/awserr",
    "aws/awsutil",
    "aws/client",
    "aws/client/metadata",
    "aws/corehandlers",
    "aws/credentials",
    "aws/credentials/ec2rolecreds",
    "aws/credentials/endpointcreds",
    "aws/credentials/stscreds",
    "aws/csm",
    "aws/defaults",
    "aws/ec2metadata",
    "aws/endpoints",
    "aws/request",
    "aws/session",
    "aws/signer/v4",
    "internal/sdkio",
    "internal/sdkrand",
    "internal/sdkuri",
    "internal/shareddefaults",
    "private/protocol",
    "private/protocol/eventstream",
    "private/protocol/eventstream/eventstreamapi",
    "private/protocol/query",
    "private/protocol/query/queryutil",
    "private/protocol/rest",
    "private/protocol/restxml",
    "private/protocol/xml/xmlutil",
    "service/s3",
    "service/s3/s3iface",
    "service/s3/s3manager",
    "service/sts",
  ]
  pruneopts = ""
  revision = "c0447dbaaf195bb477fd2d511b8e4665e04b9017"

[[projects]]
  branch = "master"
  digest = "1:e250643be8120824556f39df6ef128fc2be490fc96e0cb64b1a8ecf96bbe3ce6"
  name = "github.com/btcsuite/btcutil"
  packages = ["base58"]
  pruneopts = ""
  revision = "ab6388e0c60ae4834a1f57511e20c17b5f78be4b"

[[projects]]
  digest = "1:0a39ec8bf5629610a4bc7873a92039ee509246da3cef1a0ea60f1ed7e5f9cea5"
  name = "github.com/davecgh/go-spew"
  packages = ["spew"]
  pruneopts = ""
  revision = "346938d642f2ec3594ed81d874461961cd0faa76"
  version = "v1.1.0"

[[projects]]
  digest = "1:968d8903d598e3fae738325d3410f33f07ea6a2b9ee5591e9c262ee37df6845a"
  name = "github.com/go-errors/errors"
  packages = ["."]
  pruneopts = ""
  revision = "a6af135bd4e28680facf08a3d206b454abc877a4"
  version = "v1.0.1"

[[projects]]
  digest = "1:d19c78214e03e297e9e30d2eb11892f731358b2951f2a5c7374658a156373e4c"
  name = "github.com/go-ini/ini"
  packages = ["."]
  pruneopts = ""
  revision = "358ee7663966325963d4e8b2e1fbd570c5195153"
  version = "v1.38.1"

[[projects]]
  branch = "master"
  digest = "1:27b11ca1ad214ead955ff5480e8575e74c5df4e4dc02b04256a8d92131e1d3ad"
  name = "github.com/go-sql-driver/mysql"
  packages = ["."]
  pruneopts = ""
  revision = "99ff426eb706cffe92ff3d058e168b278cabf7c7"

[[projects]]
  digest = "1:dbbeb8ddb0be949954c8157ee8439c2adfd8dc1c9510eb44a6e58cb68c3dce28"
  name = "github.com/gorilla/context"
  packages = ["."]
  pruneopts = ""
  revision = "08b5f424b9271eedf6f9f0ce86cb9396ed337a42"
  version = "v1.1.1"

[[projects]]
  digest = "1:c2c8666b4836c81a1d247bdf21c6a6fc1ab586538ab56f74437c2e0df5c375e1"
  name = "github.com/gorilla/mux"
  packages = ["."]
  pruneopts = ""
  revision = "e3702bed27f0d39777b0b37b664b6280e8ef8fbf"
  version = "v1.6.2"

[[projects]]
  digest = "1:b4817bdb0da3054166de058111943ac58b315aead2fed4ee838625a4e304f74c"
  name = "github.com/gorilla/rpc"
  packages = [
    "v2",
    "v2/json",
  ]
  pruneopts = ""
  revision = "22c016f3df3febe0c1f6727598b6389507e03a18"
  version = "v1.1.0"

[[projects]]
  digest = "1:fe1b4d4cbe48c0d55507c55f8663aa4185576cc58fa0c8be03bb8f19dfe17a9c"
  name = "github.com/gorilla/websocket"
  packages = ["."]
  pruneopts = ""
  revision = "ea4d1f681babbce9545c9c5f3d5194a789c89f5b"
  version = "v1.2.0"

[[projects]]
  branch = "master"
  digest = "1:4fe55793760295fbef367890352b720784243e0ad19b5ee242519a4682bb9ef8"
  name = "github.com/hashicorp/errwrap"
  packages = ["."]
  pruneopts = ""
  revision = "d6c0cd88035724dd42e0f335ae30161c20575ecc"

[[projects]]
  branch = "master"
  digest = "1:4423ee95d6ee30bb22f680445c58889bb5b91e1b955405bf34374a053784a8a2"
  name = "github.com/hashicorp/go-immutable-radix"
  packages = ["."]
  pruneopts = ""
  revision = "7f3cd4390caab3250a57f30efdb2a65dd7649ecf"

[[projects]]
  branch = "master"
  digest = "1:6a611e691e739173805cb54019b5c39bb9d46455526dff31e0e6fe3aaca52776"
  name = "github.com/hashicorp/go-msgpack"
  packages = ["codec"]
  pruneopts = ""
  revision = "fa3f63826f7c23912c15263591e65d54d080b458"

[[projects]]
  branch = "master"
  digest = "1:deaebb4a98ca748bbad7eb653f3a675749500020823a086448ffcd7ba6b8b02d"
  name = "github.com/hashicorp/go-multierror"
  packages = ["."]
  pruneopts = ""
  revision = "3d5d8f294aa03d8e98859feac328afbdf1ae0703"

[[projects]]
  branch = "master"
  digest = "1:74f54e6ef2339f1de1e8c4b6674442118bd89e619b2fbd949ef2337330067994"
  name = "github.com/hashicorp/go-sockaddr"
  packages = ["."]
  pruneopts = ""
  revision = "6d291a969b86c4b633730bfc6b8b9d64c3aafed9"

[[projects]]
  branch = "master"
  digest = "1:9c776d7d9c54b7ed89f119e449983c3f24c0023e75001d6092442412ebca6b94"
  name = "github.com/hashicorp/golang-lru"
  packages = ["simplelru"]
  pruneopts = ""
  revision = "0fb14efe8c47ae851c0034ed7a448854d3d34cf3"

[[projects]]
  digest = "1:d7ce65372f495908f80fc1f80f4dab5d763d9a1de544abd95aa719e4262d0dd5"
  name = "github.com/hashicorp/memberlist"
  packages = ["."]
  pruneopts = ""
  revision = "ce8abaa0c60c2d6bee7219f5ddf500e0a1457b28"
  version = "v0.1.0"

[[projects]]
  branch = "master"
  digest = "1:4fd01ac3766b886665cfd335cc63819ec4e4538dcc1180c05d6edc089619962c"
  name = "github.com/hashicorp/serf"
  packages = [
    "coordinate",
    "serf",
  ]
  pruneopts = ""
  revision = "984a73625de3138f44deb38d00878fab39eb6447"

[[projects]]
  digest = "1:870d441fe217b8e689d7949fef6e43efbc787e50f200cb1e70dbca9204a1d6be"
  name = "github.com/inconshreveable/mousetrap"
  packages = ["."]
  pruneopts = ""
  revision = "76626ae9c91c4f2a10f34cad8ce83ea42c93bb75"
  version = "v1.0"

[[projects]]
  digest = "1:4f767a115bc8e08576f6d38ab73c376fc1b1cd3bb5041171c9e8668cc7739b52"
  name = "github.com/jmespath/go-jmespath"
  packages = ["."]
  pruneopts = ""
  revision = "0b12d6b5"

[[projects]]
  branch = "master"
  digest = "1:1e4cb5c6d4e92e2fb34f1545e071fb61e81c71fc0c325445db19b9f3981cb343"
  name = "github.com/johntdyer/slack-go"
  packages = ["."]
  pruneopts = ""
  revision = "95fac1160b220c5abcf8b0ef88e9c3cb213c09f4"

[[projects]]
  branch = "master"
  digest = "1:132aae3fa5ad407b53f57cf6ebe274e414ec22d1700899023319931fa90b63e2"
  name = "github.com/johntdyer/slackrus"
  packages = ["."]
  pruneopts = ""
  revision = "f7aae3243a0786c5a974bce71ed951c459876e64"

[[projects]]
  branch = "master"
  digest = "1:65bb92382468ce7a1ee218b5f352cd0927d358569be7521dd7cb42e74589a308"
  name = "github.com/lbryio/errors.go"
  packages = ["."]
  pruneopts = ""
  revision = "ad03d3cc6a5c27c94bbe3412cf7de0eae1a9bd7c"

[[projects]]
  branch = "master"
  digest = "1:76fd7507e6014c598a01f1b3d558774d2a3114c438403bc98123870d2aecec62"
  name = "github.com/lbryio/lbry.go"
  packages = [
    "crypto",
    "errors",
    "null",
    "querytools",
    "stop",
    "util",
  ]
  pruneopts = ""
  revision = "e2c96944fc485d3ab5e164da78f8439a94c5aa85"

[[projects]]
  branch = "master"
  digest = "1:cabf2bf5e49edfe0c34cb9c6a256f2a99e6cc8c5e660855c8f3dafe1f81d5dcd"
  name = "github.com/lyoshenka/bencode"
  packages = ["."]
  pruneopts = ""
  revision = "b7abd7672df533e627eddbf3a5a529786e8bda7f"

[[projects]]
  digest = "1:f0bad0fece0fb73c6ea249c18d8e80ffbe86be0457715b04463068f04686cf39"
  name = "github.com/miekg/dns"
  packages = ["."]
  pruneopts = ""
  revision = "5a2b9fab83ff0f8bfc99684bd5f43a37abe560f1"
  version = "v1.0.8"

[[projects]]
  digest = "1:ba3b2eb0ae6fd3deac4386c02fe9d2279c9520738eb9db2f0667e74d5c7a0a61"
  name = "github.com/nlopes/slack"
  packages = ["."]
  pruneopts = ""
  revision = "0db1d5eae1116bf7c8ed96c6749acfbf4daaec3e"
  version = "v0.3.0"

[[projects]]
  branch = "master"
  digest = "1:af967afd3cbc6b0145937f4dcab78bcd93e7b2f2b618fb2bcaf7069ad5c638fa"
  name = "github.com/phayes/freeport"
  packages = ["."]
  pruneopts = ""
  revision = "e27662a4a9d6b2083dfd7e7b5d0e30985daca925"

[[projects]]
  branch = "master"
  digest = "1:6ee36f2cea425916d81fdaaf983469fc18f91b3cf090cfe90fa0a9d85b8bfab7"
  name = "github.com/sean-/seed"
  packages = ["."]
  pruneopts = ""
  revision = "e2103e2c35297fb7e17febb81e49b312087a2372"

[[projects]]
  branch = "master"
  digest = "1:65d0c541c450f6f8bb9654a3f1938407a835bf41faade00bb0fa1416de215d00"
  name = "github.com/sebdah/goldie"
  packages = ["."]
  pruneopts = ""
  revision = "8784dd1ab561dcf43d141f6678e9e41f3d0dff55"

[[projects]]
  branch = "master"
  digest = "1:1747c026a603e3c9f33f238e1d1390df2c8f48876b6bcb7a9c52c7b479e040f4"
  name = "github.com/sirupsen/logrus"
  packages = ["."]
  pruneopts = ""
  revision = "d329d24db4313262a3b0a24d8aeb1dc4bd294fb0"

[[projects]]
  digest = "1:d0b38ba6da419a6d4380700218eeec8623841d44a856bb57369c172fbf692ab4"
  name = "github.com/spf13/cast"
  packages = ["."]
  pruneopts = ""
  revision = "8965335b8c7107321228e3e3702cab9832751bac"
  version = "v1.2.0"

[[projects]]
  branch = "master"
  digest = "1:b5212c335a490d958a6b1b5b48901b46e682b82fa9af3a238fa88df6eaa60873"
  name = "github.com/spf13/cobra"
  packages = ["."]
  pruneopts = ""
  revision = "7c4570c3ebeb8129a1f7456d0908a8b676b6f9f1"

[[projects]]
  digest = "1:8e243c568f36b09031ec18dff5f7d2769dcf5ca4d624ea511c8e3197dc3d352d"
  name = "github.com/spf13/pflag"
  packages = ["."]
  pruneopts = ""
  revision = "583c0c0531f06d5278b7d917446061adc344b5cd"
  version = "v1.0.1"

[[projects]]
  branch = "master"
  digest = "1:f05efcac20bea32e1fcefde9a3cbefb07e02053666c4a67681ad18c8efc682d3"
  name = "github.com/uber-go/atomic"
  packages = ["."]
  pruneopts = ""
  revision = "ca680462431f8c7f96686d91b1d9e5203c4b075b"

[[projects]]
  branch = "master"
  digest = "1:16b935c128f178647036048862a21e8bfd66d1e83fb19787a8b356bdcf0de899"
  name = "golang.org/x/crypto"
  packages = [
    "ed25519",
    "ed25519/internal/edwards25519",
    "ripemd160",
    "sha3",
    "ssh/terminal",
  ]
  pruneopts = ""
  revision = "f027049dab0ad238e394a753dba2d14753473a04"

[[projects]]
  branch = "master"
  digest = "1:15f2fc8cc79d90b0d4d712f04bd3eb3a3856ff3dd6b610a1425113ead3501610"
  name = "golang.org/x/net"
  packages = [
    "bpf",
    "context",
    "internal/iana",
    "internal/socket",
    "ipv4",
    "ipv6",
  ]
  pruneopts = ""
  revision = "19491d39cadbd9cd33f26ca22cc89ba4ba38251c"

[[projects]]
  branch = "master"
  digest = "1:e8f649ecfae7835a0a27ef39fd2180f6d3c12bc422e2ae55cd611f0b283b3e6e"
  name = "golang.org/x/sys"
  packages = [
    "unix",
    "windows",
  ]
  pruneopts = ""
  revision = "0718ef2ef256118d53a01598f179001ec2af7626"

[[projects]]
  branch = "master"
  digest = "1:55a681cb66f28755765fa5fa5104cbd8dc85c55c02d206f9f89566451e3fe1aa"
  name = "golang.org/x/time"
  packages = ["rate"]
  pruneopts = ""
  revision = "fbb02b2291d28baffd63558aa44b4b56f178d650"

[[projects]]
  digest = "1:eede11c81b63c8f6fd06ef24ba0a640dc077196ec9b7a58ecde03c82eee2f151"
  name = "google.golang.org/appengine"
  packages = ["cloudsql"]
  pruneopts = ""
  revision = "b1f26356af11148e710935ed1ac8a7f5702c7612"
  version = "v1.1.0"

[[projects]]
  digest = "1:05eca53b271663de74078b5484b1995a8d56668a51434a698dc5d0863035d575"
  name = "gopkg.in/nullbio/null.v6"
  packages = ["convert"]
  pruneopts = ""
  revision = "40264a2e6b7972d183906cf17663983c23231c82"
  version = "v6.3"

[solve-meta]
  analyzer-name = "dep"
  analyzer-version = 1
  input-imports = [
    "github.com/aws/aws-sdk-go/aws",
    "github.com/aws/aws-sdk-go/aws/awserr",
    "github.com/aws/aws-sdk-go/aws/credentials",
    "github.com/aws/aws-sdk-go/aws/session",
    "github.com/aws/aws-sdk-go/service/s3",
    "github.com/aws/aws-sdk-go/service/s3/s3manager",
    "github.com/davecgh/go-spew/spew",
    "github.com/go-sql-driver/mysql",
    "github.com/gorilla/mux",
    "github.com/gorilla/rpc/v2",
    "github.com/gorilla/rpc/v2/json",
    "github.com/hashicorp/serf/serf",
    "github.com/johntdyer/slackrus",
    "github.com/lbryio/errors.go",
    "github.com/lbryio/lbry.go/crypto",
    "github.com/lbryio/lbry.go/errors",
    "github.com/lbryio/lbry.go/querytools",
    "github.com/lbryio/lbry.go/stop",
    "github.com/lbryio/lbry.go/util",
    "github.com/lyoshenka/bencode",
    "github.com/phayes/freeport",
    "github.com/sebdah/goldie",
    "github.com/sirupsen/logrus",
    "github.com/spf13/cast",
    "github.com/spf13/cobra",
    "github.com/uber-go/atomic",
    "golang.org/x/time/rate",
  ]
  solver-name = "gps-cdcl"
  solver-version = 1
